
Microsoft Visual Studio Solution File, Format Version 12.00
Project("{FAE04EC0-301F-11D3-BF4B-00C04F79EFBC}") = "FeatureModule", "FeatureModule\FeatureModule.csproj", "{CAA068E1-F7AB-4C54-BBF0-F6E42B241096}"
EndProject
Global
	GlobalSection(SolutionConfigurationPlatforms) = preSolution
		Debug|Any CPU = Debug|Any CPU
		Release|Any CPU = Release|Any CPU
	EndGlobalSection
	GlobalSection(ProjectConfigurationPlatforms) = postSolution
		{CAA068E1-F7AB-4C54-BBF0-F6E42B241096}.Debug|Any CPU.ActiveCfg = Debug|Any CPU
		{CAA068E1-F7AB-4C54-BBF0-F6E42B241096}.Debug|Any CPU.Build.0 = Debug|Any CPU
		{CAA068E1-F7AB-4C54-BBF0-F6E42B241096}.Release|Any CPU.ActiveCfg = Release|Any CPU
		{CAA068E1-F7AB-4C54-BBF0-F6E42B241096}.Release|Any CPU.Build.0 = Release|Any CPU
	EndGlobalSection
EndGlobal
